---
lockfileVersion: '9.0'

importers:

  .:
    configDependencies: {}
    packageManagerDependencies:
      pnpm:
        specifier: 12.4.2
        version: 12.4.2

packages:

  '@pnpm/exe.android-arm64@12.4.2':
    resolution: {integrity: sha512-E255MbcQ0V1577M2BV0ajWuP7KmTPYA0jqZnk3rK6Lq3kTvZWulMMb7iqRmnLsQbyWTkMEB2CfyM70loVDA8xg==}
    cpu: [arm64]
    os: [android]

  '@pnpm/exe.android-x64@12.4.2':
    resolution: {integrity: sha512-J1pSeCUwuKxMG70ZzpWn8JzElxiEa8NN/3N0SlZRtU2xbztChaJCKF3HaBNIj9yPfeofWzJo/lwNvDDjraQuZw==}
    cpu: [x64]
    os: [android]

  '@pnpm/exe.darwin-arm64@12.4.2':
    resolution: {integrity: sha512-A0WDo8iErfZBXgrLseQxw8i8Y9ctUpOEl/Uu+cubnTzpD8tT9ykIB548L8YTM2WD4OS+ZOHSxy8aGZcvKq8PaQ==}
    cpu: [arm64]
    os: [darwin]

  '@pnpm/exe.darwin-x64@12.4.2':
    resolution: {integrity: sha512-MSgJdovBWHcb5DEOvfPH9yNi/T5O1Xa4ess+E1ESGo/5yuty7S4JoiIjami+fsNXfnoQMlwsMUqYU4zAvBcNCw==}
    cpu: [x64]
    os: [darwin]

  '@pnpm/exe.freebsd-x64@12.4.2':
    resolution: {integrity: sha512-h2YumlQSNvgbRPv+RXwABohX65f9bOBZn+jMIt7bFDISZPCzQ+Nvpt6Awbp4ip5PwQgYxbu5iREJ1fHE39Fm8A==}
    cpu: [x64]
    os: [freebsd]

  '@pnpm/exe.linux-arm64-musl@12.4.2':
    resolution: {integrity: sha512-LwSEtSEDTv6S51YLs3YvSkPyun/QmfMic1UGICUkPWFu6ByP43RdMlkKvmVkfGhAYCpnxO057vrmyJqtfZrPCA==}
    cpu: [arm64]
    os: [linux]
    libc: [musl]

  '@pnpm/exe.linux-arm64@12.4.2':
    resolution: {integrity: sha512-2dSiDXyhx+RTHsewxex8f/jVjqQXWJ2oow4kCVHEWdZKeBpgMxvZ6fHkTAUBJXgqhbKIDHvuNlZBP7gJfUWL5A==}
    cpu: [arm64]
    os: [linux]
    libc: [glibc]

  '@pnpm/exe.linux-ppc64@12.4.2':
    resolution: {integrity: sha512-8Itc+jQk+MTz04LS9D1RcH+VctAWmzM4l1cJQ+Sx7pAJNo7EKHdRMbC0Tok1jyQ7eEHNJZD5EleYneZqWfZM+g==}
    cpu: [ppc64]
    os: [linux]
    libc: [glibc]

  '@pnpm/exe.linux-riscv64@12.4.2':
    resolution: {integrity: sha512-hleOeqhTVpH+z9RVMGnxvU4ZnrkBUClWjCbHD9u6kwyqhGSpevoU1wTGish+CBRhmIgMAy9pAfFpqhbAKOKNfw==}
    cpu: [riscv64]
    os: [linux]
    libc: [glibc]

  '@pnpm/exe.linux-s390x@12.4.2':
    resolution: {integrity: sha512-LAsQRRdP9aToENR6dtcIJ9l+e1zMYOX0tQcLGpRyLPVBQcYRLlvAPcmDshsiIHQjp05SDa9FI0czX1ZQ1a7a/A==}
    cpu: [s390x]
    os: [linux]
    libc: [glibc]

  '@pnpm/exe.linux-x64-musl@12.4.2':
    resolution: {integrity: sha512-kzfzH2/0BWdTABK14Yj5a1xsdkTEQUp2eXEPNakaD9jKL025lq3hyaKHIz/gIZaPDMe/1bFFK/En4ztFlbBJxw==}
    cpu: [x64]
    os: [linux]
    libc: [musl]

  '@pnpm/exe.linux-x64@12.4.2':
    resolution: {integrity: sha512-/pbt0UVTa8NMDhzOWLQRfZ6G9ROKXlJPZtx845BqyWfc7hCrWXhTLBd70yO2y8+E+IWN3oHM1s/JsIQNGk1yvg==}
    cpu: [x64]
    os: [linux]
    libc: [glibc]

  '@pnpm/exe.win32-arm64@12.4.2':
    resolution: {integrity: sha512-PsW19e4dAUNpZ0cS9flaxFuAmpt2dKlH/Vvi8TZ4qyJjjQzue/CEsWm+6wKVP4CJ7IT8RdL4qh+soOPWIgF2Zw==}
    cpu: [arm64]
    os: [win32]

  '@pnpm/exe.win32-x64@12.4.2':
    resolution: {integrity: sha512-+xGoeE0g55ztWvl8i5QqdmNfW3nIrTVcoQrNshEOwxthm9Ag48oXton3uxOA3/SANyz5AXexEjj2KO20NnOrEw==}
    cpu: [x64]
    os: [win32]

  pnpm@12.4.2:
    resolution: {integrity: sha512-CK3GYTGAJ1x8ntraOdzwjJxhrU5+rzMKTzRh8QKw+QdCNFTRF/mOctR/7wYWBwZE17/8lzpqV/UJCm18NosHyQ==}
    engines: {node: '>=18.*'}
    hasBin: true

snapshots:

  '@pnpm/exe.android-arm64@12.4.2':
    optional: true

  '@pnpm/exe.android-x64@12.4.2':
    optional: true

  '@pnpm/exe.darwin-arm64@12.4.2':
    optional: true

  '@pnpm/exe.darwin-x64@12.4.2':
    optional: true

  '@pnpm/exe.freebsd-x64@12.4.2':
    optional: true

  '@pnpm/exe.linux-arm64-musl@12.4.2':
    optional: true

  '@pnpm/exe.linux-arm64@12.4.2':
    optional: true

  '@pnpm/exe.linux-ppc64@12.4.2':
    optional: true

  '@pnpm/exe.linux-riscv64@12.4.2':
    optional: true

  '@pnpm/exe.linux-s390x@12.4.2':
    optional: true

  '@pnpm/exe.linux-x64-musl@12.4.2':
    optional: true

  '@pnpm/exe.linux-x64@12.4.2':
    optional: true

  '@pnpm/exe.win32-arm64@12.4.2':
    optional: true

  '@pnpm/exe.win32-x64@12.4.2':
    optional: true

  pnpm@12.4.2:
    optionalDependencies:
      '@pnpm/exe.android-arm64': 12.4.2
      '@pnpm/exe.android-x64': 12.4.2
      '@pnpm/exe.darwin-arm64': 12.4.2
      '@pnpm/exe.darwin-x64': 12.4.2
      '@pnpm/exe.freebsd-x64': 12.4.2
      '@pnpm/exe.linux-arm64': 12.4.2
      '@pnpm/exe.linux-arm64-musl': 12.4.2
      '@pnpm/exe.linux-ppc64': 12.4.2
      '@pnpm/exe.linux-riscv64': 12.4.2
      '@pnpm/exe.linux-s390x': 12.4.2
      '@pnpm/exe.linux-x64': 12.4.2
      '@pnpm/exe.linux-x64-musl': 12.4.2
      '@pnpm/exe.win32-arm64': 12.4.2
      '@pnpm/exe.win32-x64': 12.4.2

---
lockfileVersion: '9.0'

settings:
  autoInstallPeers: true
  excludeLinksFromLockfile: false

importers:

  .:
    devDependencies:
      '@types/node':
        specifier: ^20.17.0
        version: 20.19.43
      typescript:
        specifier: ^5.6.3
        version: 5.9.3

  packages/shared: {}

  tools/config-export:
    dependencies:
      '@toolkit/shared':
        specifier: workspace:*
        version: link:../../packages/shared
      xlsx:
        specifier: ^0.18.5
        version: 0.18.5

  tools/font-subset:
    dependencies:
      '@toolkit/shared':
        specifier: workspace:*
        version: link:../../packages/shared
      subset-font:
        specifier: ^2.9.0
        version: 2.9.0

packages:

  '@types/node@20.19.43':
    resolution: {integrity: sha512-6oYBAi5ikg4Pl+kGsoYtawUMBT2zZMCvPNF7pVLnHZfd1zf38DRiWn/gT01RYCdUqkv7Fhr+C9ot4/tb+2sVvA==}

  adler-32@1.3.1:
    resolution: {integrity: sha512-ynZ4w/nUUv5rrsR8UUGoe1VC9hZj6V5hU9Qw1HlMDJGEJw5S7TfTErWTjMys6M7vr0YWcPqs3qAr4ss0nDfP+A==}
    engines: {node: '>=0.8'}

  argparse@2.0.1:
    resolution: {integrity: sha512-8+9WqebbFzpX9OR+Wa6O29asIogeRMzcGtAINdpMHHyAg10f05aSFVBbcEqGf/PXw1EjAZ+q2/bEBg3DvurK3Q==}

  cfb@1.2.2:
    resolution: {integrity: sha512-KfdUZsSOw19/ObEWasvBP/Ac4reZvAGauZhs6S/gqNhXhI7cKwvlH7ulj+dOEYnca4bm4SGo8C1bTAQvnTjgQA==}
    engines: {node: '>=0.8'}

  codepage@1.15.0:
    resolution: {integrity: sha512-3g6NUTPd/YtuuGrhMnOMRjFc+LJw/bnMp3+0r/Wcz3IXUuCosKRJvMphm5+Q+bvTVGcJJuRvVLuYba+WojaFaA==}
    engines: {node: '>=0.8'}

  crc-32@1.2.2:
    resolution: {integrity: sha512-ROmzCKrTnOwybPcJApAA6WBWij23HVfGVNKqqrZpuyZOHqK2CwHSvpGuyt/UNNvaIjEd8X5IFGp4Mh+Ie1IHJQ==}
    engines: {node: '>=0.8'}
    hasBin: true

  fontverter@2.0.0:
    resolution: {integrity: sha512-DFVX5hvXuhi1Jven1tbpebYTCT9XYnvx6/Z+HFUPb7ZRMCW+pj2clU9VMhoTPgWKPhAs7JJDSk3CW1jNUvKCZQ==}

  frac@1.1.2:
    resolution: {integrity: sha512-w/XBfkibaTl3YDqASwfDUqkna4Z2p9cFSr1aHDt0WoMTECnRfBOv2WArlZILlqgWlmdIlALXGpM2AOhEk5W3IA==}
    engines: {node: '>=0.8'}

  harfbuzzjs@1.6.2:
    resolution: {integrity: sha512-95c1vWuzoHjM19d5fQgPbz1wcv1pTa0UM9dZrdPgSMUEVuSwuzeVPkq6UhHHw3jLOkE9AYzzTP8XQkRBpPYpEg==}

  p-limit@3.1.0:
    resolution: {integrity: sha512-TYOanM3wGwNGsZN2cVTYPArw454xnXj5qmWF1bEoAc4+cU/ol7GVh7odevjp1FNHduHc3KZMcFduxU5Xc6uJRQ==}
    engines: {node: '>=10'}

  pako@1.0.11:
    resolution: {integrity: sha512-4hLB8Py4zZce5s4yd9XzopqwVv/yGNhV1Bl8NTmCq1763HeK2+EwVTv+leGeL13Dnh2wfbqowVPXCIO0z4taYw==}

  ssf@0.11.2:
    resolution: {integrity: sha512-+idbmIXoYET47hH+d7dfm2epdOMUDjqcB4648sTZ+t2JwoyBFL/insLfB/racrDmsKB3diwsDA696pZMieAC5g==}
    engines: {node: '>=0.8'}

  subset-font@2.9.0:
    resolution: {integrity: sha512-WJulQeFwbewrXIGcLJbSZFWI44fHW8gNRuPzLywfDL8w38IPRbN1JFxwG76aoohw9kcFdvjVIn2QmID1iy119A==}

  typescript@5.9.3:
    resolution: {integrity: sha512-jl1vZzPDinLr9eUt3J/t7V6FgNEw9QjvBPdysz9KfQDD41fQrC2Y4vKQdiaUpFT4bXlb1RHhLpp8wtm6M5TgSw==}
    engines: {node: '>=14.17'}
    hasBin: true

  undici-types@6.21.0:
    resolution: {integrity: sha512-iwDZqg0QAGrg9Rav5H4n0M64c3mkR59cJ6wQp+7C4nI0gsmExaedaYLNO44eT4AtBBwjbTiGPMlt2Md0T9H9JQ==}

  wawoff2@2.0.1:
    resolution: {integrity: sha512-r0CEmvpH63r4T15ebFqeOjGqU4+EgTx4I510NtK35EMciSdcTxCw3Byy3JnBonz7iyIFZ0AbVo0bbFpEVuhCYA==}
    hasBin: true

  wmf@1.0.2:
    resolution: {integrity: sha512-/p9K7bEh0Dj6WbXg4JG0xvLQmIadrner1bi45VMJTfnbVHsc7yIajZyoSoK60/dtVBs12Fm6WkUI5/3WAVsNMw==}
    engines: {node: '>=0.8'}

  woff2sfnt-sfnt2woff@1.0.0:
    resolution: {integrity: sha512-edK4COc1c1EpRfMqCZO1xJOvdUtM5dbVb9iz97rScvnTevqEB3GllnLWCmMVp1MfQBdF1DFg/11I0rSyAdS4qQ==}

  word@0.3.0:
    resolution: {integrity: sha512-OELeY0Q61OXpdUfTp+oweA/vtLVg5VDOXh+3he3PNzLGG/y0oylSOC1xRVj0+l4vQ3tj/bB1HVHv1ocXkQceFA==}
    engines: {node: '>=0.8'}

  xlsx@0.18.5:
    resolution: {integrity: sha512-dmg3LCjBPHZnQp5/F/+nnTa+miPJxUXB6vtk42YjBBKayDNagxGEeIdWApkYPOf3Z3pm3k62Knjzp7lMeTEtFQ==}
    engines: {node: '>=0.8'}
    hasBin: true

  yocto-queue@0.1.0:
    resolution: {integrity: sha512-rVksvsnNCdJ/ohGc6xgPwyN8eheCxsiLM8mxuE/t/mOVqJewPuO1miLpTHQiRgTKCLexL4MeAFVagts7HmNZ2Q==}
    engines: {node: '>=10'}

snapshots:

  '@types/node@20.19.43':
    dependencies:
      undici-types: 6.21.0

  adler-32@1.3.1: {}

  argparse@2.0.1: {}

  cfb@1.2.2:
    dependencies:
      adler-32: 1.3.1
      crc-32: 1.2.2

  codepage@1.15.0: {}

  crc-32@1.2.2: {}

  fontverter@2.0.0:
    dependencies:
      wawoff2: 2.0.1
      woff2sfnt-sfnt2woff: 1.0.0

  frac@1.1.2: {}

  harfbuzzjs@1.6.2: {}

  p-limit@3.1.0:
    dependencies:
      yocto-queue: 0.1.0

  pako@1.0.11: {}

  ssf@0.11.2:
    dependencies:
      frac: 1.1.2

  subset-font@2.9.0:
    dependencies:
      fontverter: 2.0.0
      harfbuzzjs: 1.6.2
      p-limit: 3.1.0

  typescript@5.9.3: {}

  undici-types@6.21.0: {}

  wawoff2@2.0.1:
    dependencies:
      argparse: 2.0.1

  wmf@1.0.2: {}

  woff2sfnt-sfnt2woff@1.0.0:
    dependencies:
      pako: 1.0.11

  word@0.3.0: {}

  xlsx@0.18.5:
    dependencies:
      adler-32: 1.3.1
      cfb: 1.2.2
      codepage: 1.15.0
      crc-32: 1.2.2
      ssf: 0.11.2
      wmf: 1.0.2
      word: 0.3.0

  yocto-queue@0.1.0: {}
